
Microsoft Visual Studio Solution File, Format Version 12.00
# Visual Studio Version 17
VisualStudioVersion = 17.7.34024.191
MinimumVisualStudioVersion = 10.0.40219.1
Project("{FAE04EC0-301F-11D3-BF4B-00C04F79EFBC}") = "FindRepetWord", "FindRepetWord\FindRepetWord.csproj", "{699D9BD2-BDA5-4D86-9466-D95AB3847F68}"
EndProject
Project("{FAE04EC0-301F-11D3-BF4B-00C04F79EFBC}") = "TestFindWord", "TestFindWord\TestFindWord.csproj", "{261040F5-B7D9-49B6-A800-CF3712838B97}"
EndProject
Global
	GlobalSection(SolutionConfigurationPlatforms) = preSolution
		Debug|Any CPU = Debug|Any CPU
		Release|Any CPU = Release|Any CPU
	EndGlobalSection
	GlobalSection(ProjectConfigurationPlatforms) = postSolution
		{699D9BD2-BDA5-4D86-9466-D95AB3847F68}.Debug|Any CPU.ActiveCfg = Debug|Any CPU
		{699D9BD2-BDA5-4D86-9466-D95AB3847F68}.Debug|Any CPU.Build.0 = Debug|Any CPU
		{699D9BD2-BDA5-4D86-9466-D95AB3847F68}.Release|Any CPU.ActiveCfg = Release|Any CPU
		{699D9BD2-BDA5-4D86-9466-D95AB3847F68}.Release|Any CPU.Build.0 = Release|Any CPU
		{261040F5-B7D9-49B6-A800-CF3712838B97}.Debug|Any CPU.ActiveCfg = Debug|Any CPU
		{261040F5-B7D9-49B6-A800-CF3712838B97}.Debug|Any CPU.Build.0 = Debug|Any CPU
		{261040F5-B7D9-49B6-A800-CF3712838B97}.Release|Any CPU.ActiveCfg = Release|Any CPU
		{261040F5-B7D9-49B6-A800-CF3712838B97}.Release|Any CPU.Build.0 = Release|Any CPU
	EndGlobalSection
	GlobalSection(SolutionProperties) = preSolution
		HideSolutionNode = FALSE
	EndGlobalSection
	GlobalSection(ExtensibilityGlobals) = postSolution
		SolutionGuid = {0FF21ACE-4E57-4F32-959E-C4BFA1D36934}
	EndGlobalSection
EndGlobal
