
Microsoft Visual Studio Solution File, Format Version 12.00
# Visual Studio Version 17
VisualStudioVersion = 17.7.34024.191
MinimumVisualStudioVersion = 10.0.40219.1
Project("{9A19103F-16F7-4668-BE54-9A1E7A4F7556}") = "ConsoleApp1", "ConsoleApp1\ConsoleApp1.csproj", "{AC4E98AF-228A-4FA5-88BB-109FED164BFE}"
EndProject
Project("{FAE04EC0-301F-11D3-BF4B-00C04F79EFBC}") = "TestProject1", "..\..\FindCommonValueInTree\TestProject1\TestProject1.csproj", "{93820120-1A97-4D6A-BD11-DF6AEABB023F}"
EndProject
Global
	GlobalSection(SolutionConfigurationPlatforms) = preSolution
		Debug|Any CPU = Debug|Any CPU
		Release|Any CPU = Release|Any CPU
	EndGlobalSection
	GlobalSection(ProjectConfigurationPlatforms) = postSolution
		{AC4E98AF-228A-4FA5-88BB-109FED164BFE}.Debug|Any CPU.ActiveCfg = Debug|Any CPU
		{AC4E98AF-228A-4FA5-88BB-109FED164BFE}.Debug|Any CPU.Build.0 = Debug|Any CPU
		{AC4E98AF-228A-4FA5-88BB-109FED164BFE}.Release|Any CPU.ActiveCfg = Release|Any CPU
		{AC4E98AF-228A-4FA5-88BB-109FED164BFE}.Release|Any CPU.Build.0 = Release|Any CPU
		{93820120-1A97-4D6A-BD11-DF6AEABB023F}.Debug|Any CPU.ActiveCfg = Debug|Any CPU
		{93820120-1A97-4D6A-BD11-DF6AEABB023F}.Debug|Any CPU.Build.0 = Debug|Any CPU
		{93820120-1A97-4D6A-BD11-DF6AEABB023F}.Release|Any CPU.ActiveCfg = Release|Any CPU
		{93820120-1A97-4D6A-BD11-DF6AEABB023F}.Release|Any CPU.Build.0 = Release|Any CPU
	EndGlobalSection
	GlobalSection(SolutionProperties) = preSolution
		HideSolutionNode = FALSE
	EndGlobalSection
	GlobalSection(ExtensibilityGlobals) = postSolution
		SolutionGuid = {EAC8C6CB-F888-43E9-BED6-323D4DF20132}
	EndGlobalSection
EndGlobal
