
Microsoft Visual Studio Solution File, Format Version 12.00
# Visual Studio Version 17
VisualStudioVersion = 17.7.34024.191
MinimumVisualStudioVersion = 10.0.40219.1
Project("{FAE04EC0-301F-11D3-BF4B-00C04F79EFBC}") = "ConsoleApp1", "ConsoleApp1\ConsoleApp1.csproj", "{B8BBBCB0-5285-4D7C-9BCB-DA27EA3959E3}"
EndProject
Project("{FAE04EC0-301F-11D3-BF4B-00C04F79EFBC}") = "TestProject1", "..\TestProject1\TestProject1.csproj", "{C2401140-392F-4256-8CC3-059B52D20A4B}"
EndProject
Global
	GlobalSection(SolutionConfigurationPlatforms) = preSolution
		Debug|Any CPU = Debug|Any CPU
		Release|Any CPU = Release|Any CPU
	EndGlobalSection
	GlobalSection(ProjectConfigurationPlatforms) = postSolution
		{B8BBBCB0-5285-4D7C-9BCB-DA27EA3959E3}.Debug|Any CPU.ActiveCfg = Debug|Any CPU
		{B8BBBCB0-5285-4D7C-9BCB-DA27EA3959E3}.Debug|Any CPU.Build.0 = Debug|Any CPU
		{B8BBBCB0-5285-4D7C-9BCB-DA27EA3959E3}.Release|Any CPU.ActiveCfg = Release|Any CPU
		{B8BBBCB0-5285-4D7C-9BCB-DA27EA3959E3}.Release|Any CPU.Build.0 = Release|Any CPU
		{C2401140-392F-4256-8CC3-059B52D20A4B}.Debug|Any CPU.ActiveCfg = Debug|Any CPU
		{C2401140-392F-4256-8CC3-059B52D20A4B}.Debug|Any CPU.Build.0 = Debug|Any CPU
		{C2401140-392F-4256-8CC3-059B52D20A4B}.Release|Any CPU.ActiveCfg = Release|Any CPU
		{C2401140-392F-4256-8CC3-059B52D20A4B}.Release|Any CPU.Build.0 = Release|Any CPU
	EndGlobalSection
	GlobalSection(SolutionProperties) = preSolution
		HideSolutionNode = FALSE
	EndGlobalSection
	GlobalSection(ExtensibilityGlobals) = postSolution
		SolutionGuid = {E4795137-3465-4F2E-9A65-D0D10A0D6333}
	EndGlobalSection
EndGlobal
