
Microsoft Visual Studio Solution File, Format Version 12.00
# Visual Studio Version 17
VisualStudioVersion = 17.7.34024.191
MinimumVisualStudioVersion = 10.0.40219.1
Project("{9A19103F-16F7-4668-BE54-9A1E7A4F7556}") = "ConsoleApp1", "ConsoleApp1\ConsoleApp1.csproj", "{7024A4BD-A056-4ABA-A2B6-246108314425}"
EndProject
Project("{FAE04EC0-301F-11D3-BF4B-00C04F79EFBC}") = "TestProject1", "..\TestProject1\TestProject1.csproj", "{DBBE1832-F41F-4352-A762-312CEC9CF0B8}"
EndProject
Global
	GlobalSection(SolutionConfigurationPlatforms) = preSolution
		Debug|Any CPU = Debug|Any CPU
		Release|Any CPU = Release|Any CPU
	EndGlobalSection
	GlobalSection(ProjectConfigurationPlatforms) = postSolution
		{7024A4BD-A056-4ABA-A2B6-246108314425}.Debug|Any CPU.ActiveCfg = Debug|Any CPU
		{7024A4BD-A056-4ABA-A2B6-246108314425}.Debug|Any CPU.Build.0 = Debug|Any CPU
		{7024A4BD-A056-4ABA-A2B6-246108314425}.Release|Any CPU.ActiveCfg = Release|Any CPU
		{7024A4BD-A056-4ABA-A2B6-246108314425}.Release|Any CPU.Build.0 = Release|Any CPU
		{DBBE1832-F41F-4352-A762-312CEC9CF0B8}.Debug|Any CPU.ActiveCfg = Debug|Any CPU
		{DBBE1832-F41F-4352-A762-312CEC9CF0B8}.Debug|Any CPU.Build.0 = Debug|Any CPU
		{DBBE1832-F41F-4352-A762-312CEC9CF0B8}.Release|Any CPU.ActiveCfg = Release|Any CPU
		{DBBE1832-F41F-4352-A762-312CEC9CF0B8}.Release|Any CPU.Build.0 = Release|Any CPU
	EndGlobalSection
	GlobalSection(SolutionProperties) = preSolution
		HideSolutionNode = FALSE
	EndGlobalSection
	GlobalSection(ExtensibilityGlobals) = postSolution
		SolutionGuid = {4792490F-B402-4DCD-B99A-785B07C47D48}
	EndGlobalSection
EndGlobal
