
Microsoft Visual Studio Solution File, Format Version 12.00
# Visual Studio Version 17
VisualStudioVersion = 17.6.33723.286
MinimumVisualStudioVersion = 10.0.40219.1
Project("{FAE04EC0-301F-11D3-BF4B-00C04F79EFBC}") = "linked_List", "ConsoleApp1\linked_List.csproj", "{482050EB-E50D-404A-A72C-A47630D2A0FA}"
EndProject
Project("{FAE04EC0-301F-11D3-BF4B-00C04F79EFBC}") = "TestProject2", "TestProject2\TestProject2.csproj", "{61D95A49-B40C-4B04-83FD-5310B60F7C4E}"
EndProject
Global
	GlobalSection(SolutionConfigurationPlatforms) = preSolution
		Debug|Any CPU = Debug|Any CPU
		Release|Any CPU = Release|Any CPU
	EndGlobalSection
	GlobalSection(ProjectConfigurationPlatforms) = postSolution
		{482050EB-E50D-404A-A72C-A47630D2A0FA}.Debug|Any CPU.ActiveCfg = Debug|Any CPU
		{482050EB-E50D-404A-A72C-A47630D2A0FA}.Debug|Any CPU.Build.0 = Debug|Any CPU
		{482050EB-E50D-404A-A72C-A47630D2A0FA}.Release|Any CPU.ActiveCfg = Release|Any CPU
		{482050EB-E50D-404A-A72C-A47630D2A0FA}.Release|Any CPU.Build.0 = Release|Any CPU
		{61D95A49-B40C-4B04-83FD-5310B60F7C4E}.Debug|Any CPU.ActiveCfg = Debug|Any CPU
		{61D95A49-B40C-4B04-83FD-5310B60F7C4E}.Debug|Any CPU.Build.0 = Debug|Any CPU
		{61D95A49-B40C-4B04-83FD-5310B60F7C4E}.Release|Any CPU.ActiveCfg = Release|Any CPU
		{61D95A49-B40C-4B04-83FD-5310B60F7C4E}.Release|Any CPU.Build.0 = Release|Any CPU
	EndGlobalSection
	GlobalSection(SolutionProperties) = preSolution
		HideSolutionNode = FALSE
	EndGlobalSection
	GlobalSection(ExtensibilityGlobals) = postSolution
		SolutionGuid = {2C692496-9B34-4965-826A-081369C44948}
	EndGlobalSection
EndGlobal
