
Microsoft Visual Studio Solution File, Format Version 12.00
# Visual Studio Version 17
VisualStudioVersion = 17.6.33723.286
MinimumVisualStudioVersion = 10.0.40219.1
Project("{FAE04EC0-301F-11D3-BF4B-00C04F79EFBC}") = "Stack&Queu", "Stack&Queu\Stack&Queu.csproj", "{D905792D-2C09-4C05-A521-40B04F651CAF}"
EndProject
Project("{FAE04EC0-301F-11D3-BF4B-00C04F79EFBC}") = "Test_Stack&Queu", "Test_Stack&Queu\Test_Stack&Queu.csproj", "{8832A0F6-F75E-4766-9B6E-D34AAE73AD8C}"
EndProject
Global
	GlobalSection(SolutionConfigurationPlatforms) = preSolution
		Debug|Any CPU = Debug|Any CPU
		Release|Any CPU = Release|Any CPU
	EndGlobalSection
	GlobalSection(ProjectConfigurationPlatforms) = postSolution
		{D905792D-2C09-4C05-A521-40B04F651CAF}.Debug|Any CPU.ActiveCfg = Debug|Any CPU
		{D905792D-2C09-4C05-A521-40B04F651CAF}.Debug|Any CPU.Build.0 = Debug|Any CPU
		{D905792D-2C09-4C05-A521-40B04F651CAF}.Release|Any CPU.ActiveCfg = Release|Any CPU
		{D905792D-2C09-4C05-A521-40B04F651CAF}.Release|Any CPU.Build.0 = Release|Any CPU
		{8832A0F6-F75E-4766-9B6E-D34AAE73AD8C}.Debug|Any CPU.ActiveCfg = Debug|Any CPU
		{8832A0F6-F75E-4766-9B6E-D34AAE73AD8C}.Debug|Any CPU.Build.0 = Debug|Any CPU
		{8832A0F6-F75E-4766-9B6E-D34AAE73AD8C}.Release|Any CPU.ActiveCfg = Release|Any CPU
		{8832A0F6-F75E-4766-9B6E-D34AAE73AD8C}.Release|Any CPU.Build.0 = Release|Any CPU
	EndGlobalSection
	GlobalSection(SolutionProperties) = preSolution
		HideSolutionNode = FALSE
	EndGlobalSection
	GlobalSection(ExtensibilityGlobals) = postSolution
		SolutionGuid = {4D8B9A0E-004E-4D46-957F-0526BF86370F}
	EndGlobalSection
EndGlobal
