
Microsoft Visual Studio Solution File, Format Version 12.00
# Visual Studio Version 17
VisualStudioVersion = 17.6.33723.286
MinimumVisualStudioVersion = 10.0.40219.1
Project("{9A19103F-16F7-4668-BE54-9A1E7A4F7556}") = "BirthTree", "BirthTree\BirthTree.csproj", "{0C4E7CE6-AC4D-4C91-A1E3-65F7D1B03C88}"
EndProject
Project("{FAE04EC0-301F-11D3-BF4B-00C04F79EFBC}") = "TestProject1", "TestProject1\TestProject1.csproj", "{DB377764-E96A-4883-ADA4-F53CCE41BB27}"
EndProject
Global
	GlobalSection(SolutionConfigurationPlatforms) = preSolution
		Debug|Any CPU = Debug|Any CPU
		Release|Any CPU = Release|Any CPU
	EndGlobalSection
	GlobalSection(ProjectConfigurationPlatforms) = postSolution
		{0C4E7CE6-AC4D-4C91-A1E3-65F7D1B03C88}.Debug|Any CPU.ActiveCfg = Debug|Any CPU
		{0C4E7CE6-AC4D-4C91-A1E3-65F7D1B03C88}.Debug|Any CPU.Build.0 = Debug|Any CPU
		{0C4E7CE6-AC4D-4C91-A1E3-65F7D1B03C88}.Release|Any CPU.ActiveCfg = Release|Any CPU
		{0C4E7CE6-AC4D-4C91-A1E3-65F7D1B03C88}.Release|Any CPU.Build.0 = Release|Any CPU
		{DB377764-E96A-4883-ADA4-F53CCE41BB27}.Debug|Any CPU.ActiveCfg = Debug|Any CPU
		{DB377764-E96A-4883-ADA4-F53CCE41BB27}.Debug|Any CPU.Build.0 = Debug|Any CPU
		{DB377764-E96A-4883-ADA4-F53CCE41BB27}.Release|Any CPU.ActiveCfg = Release|Any CPU
		{DB377764-E96A-4883-ADA4-F53CCE41BB27}.Release|Any CPU.Build.0 = Release|Any CPU
	EndGlobalSection
	GlobalSection(SolutionProperties) = preSolution
		HideSolutionNode = FALSE
	EndGlobalSection
	GlobalSection(ExtensibilityGlobals) = postSolution
		SolutionGuid = {72EA1357-A770-4DB1-BDC5-74408704E3D6}
	EndGlobalSection
EndGlobal
