
Microsoft Visual Studio Solution File, Format Version 12.00
# Visual Studio Version 17
VisualStudioVersion = 17.7.34024.191
MinimumVisualStudioVersion = 10.0.40219.1
Project("{9A19103F-16F7-4668-BE54-9A1E7A4F7556}") = "hashmap-left-join", "hashmap-left-join\hashmap-left-join.csproj", "{41DA002E-2070-4DDF-8A24-D9DA6F07968C}"
EndProject
Project("{FAE04EC0-301F-11D3-BF4B-00C04F79EFBC}") = "TestProject1", "..\TestProject1\TestProject1.csproj", "{7A4D23AF-029D-4E69-8FAE-6C8E583D1A0D}"
EndProject
Global
	GlobalSection(SolutionConfigurationPlatforms) = preSolution
		Debug|Any CPU = Debug|Any CPU
		Release|Any CPU = Release|Any CPU
	EndGlobalSection
	GlobalSection(ProjectConfigurationPlatforms) = postSolution
		{41DA002E-2070-4DDF-8A24-D9DA6F07968C}.Debug|Any CPU.ActiveCfg = Debug|Any CPU
		{41DA002E-2070-4DDF-8A24-D9DA6F07968C}.Debug|Any CPU.Build.0 = Debug|Any CPU
		{41DA002E-2070-4DDF-8A24-D9DA6F07968C}.Release|Any CPU.ActiveCfg = Release|Any CPU
		{41DA002E-2070-4DDF-8A24-D9DA6F07968C}.Release|Any CPU.Build.0 = Release|Any CPU
		{7A4D23AF-029D-4E69-8FAE-6C8E583D1A0D}.Debug|Any CPU.ActiveCfg = Debug|Any CPU
		{7A4D23AF-029D-4E69-8FAE-6C8E583D1A0D}.Debug|Any CPU.Build.0 = Debug|Any CPU
		{7A4D23AF-029D-4E69-8FAE-6C8E583D1A0D}.Release|Any CPU.ActiveCfg = Release|Any CPU
		{7A4D23AF-029D-4E69-8FAE-6C8E583D1A0D}.Release|Any CPU.Build.0 = Release|Any CPU
	EndGlobalSection
	GlobalSection(SolutionProperties) = preSolution
		HideSolutionNode = FALSE
	EndGlobalSection
	GlobalSection(ExtensibilityGlobals) = postSolution
		SolutionGuid = {19ED988C-3915-41FC-87D1-A5DDE5F9FF1C}
	EndGlobalSection
EndGlobal
